
Microsoft Visual Studio Solution File, Format Version 12.00
# Visual Studio 15
VisualStudioVersion = 15.0.27703.2026
MinimumVisualStudioVersion = 10.0.40219.1
Project("{FAE04EC0-301F-11D3-BF4B-00C04F79EFBC}") = "Server", "Server\Server.csproj", "{780B49A2-2496-40CB-8E9F-260256FC2F56}"
EndProject
Project("{FAE04EC0-301F-11D3-BF4B-00C04F79EFBC}") = "SharedLibrary", "SharedLibrary\SharedLibrary.csproj", "{30D7CAEA-0712-4B86-B4B0-614B757BAA5C}"
EndProject
Global
	GlobalSection(SolutionConfigurationPlatforms) = preSolution
		Debug|Any CPU = Debug|Any CPU
		Release|Any CPU = Release|Any CPU
	EndGlobalSection
	GlobalSection(ProjectConfigurationPlatforms) = postSolution
		{780B49A2-2496-40CB-8E9F-260256FC2F56}.Debug|Any CPU.ActiveCfg = Debug|Any CPU
		{780B49A2-2496-40CB-8E9F-260256FC2F56}.Debug|Any CPU.Build.0 = Debug|Any CPU
		{780B49A2-2496-40CB-8E9F-260256FC2F56}.Release|Any CPU.ActiveCfg = Release|Any CPU
		{780B49A2-2496-40CB-8E9F-260256FC2F56}.Release|Any CPU.Build.0 = Release|Any CPU
		{30D7CAEA-0712-4B86-B4B0-614B757BAA5C}.Debug|Any CPU.ActiveCfg = Debug|Any CPU
		{30D7CAEA-0712-4B86-B4B0-614B757BAA5C}.Debug|Any CPU.Build.0 = Debug|Any CPU
		{30D7CAEA-0712-4B86-B4B0-614B757BAA5C}.Release|Any CPU.ActiveCfg = Release|Any CPU
		{30D7CAEA-0712-4B86-B4B0-614B757BAA5C}.Release|Any CPU.Build.0 = Release|Any CPU
	EndGlobalSection
	GlobalSection(SolutionProperties) = preSolution
		HideSolutionNode = FALSE
	EndGlobalSection
	GlobalSection(ExtensibilityGlobals) = postSolution
		SolutionGuid = {E6E8BA21-F760-4491-B0D9-73BD18669A7C}
	EndGlobalSection
EndGlobal
